
Microsoft Visual Studio Solution File, Format Version 12.00
# Visual Studio Version 17
VisualStudioVersion = 17.14.36127.28 d17.14
MinimumVisualStudioVersion = 10.0.40219.1
Project("{FAE04EC0-301F-11D3-BF4B-00C04F79EFBC}") = "JrAssessment", "JrAssessment\JrAssessment.csproj", "{67D24939-2B49-42B9-861E-01AEFF9F5A2C}"
EndProject
Project("{FAE04EC0-301F-11D3-BF4B-00C04F79EFBC}") = "JrAssessment.Repository", "JrAssessment.Repository\JrAssessment.Repository.csproj", "{F211C9EE-6CA8-48F0-BEA1-2C753FAF74A0}"
EndProject
Project("{FAE04EC0-301F-11D3-BF4B-00C04F79EFBC}") = "JrAssessment.Core", "JrAssessment.Core\JrAssessment.Core.csproj", "{45C45F8B-40EF-47FF-AE49-940A38ED0684}"
EndProject
Project("{FAE04EC0-301F-11D3-BF4B-00C04F79EFBC}") = "JrAssessment.Model", "JrAssessment.Model\JrAssessment.Model.csproj", "{1068A12A-9652-44C7-8B98-581DD5E8515C}"
EndProject
Global
	GlobalSection(SolutionConfigurationPlatforms) = preSolution
		Debug|Any CPU = Debug|Any CPU
		Release|Any CPU = Release|Any CPU
	EndGlobalSection
	GlobalSection(ProjectConfigurationPlatforms) = postSolution
		{67D24939-2B49-42B9-861E-01AEFF9F5A2C}.Debug|Any CPU.ActiveCfg = Debug|Any CPU
		{67D24939-2B49-42B9-861E-01AEFF9F5A2C}.Debug|Any CPU.Build.0 = Debug|Any CPU
		{67D24939-2B49-42B9-861E-01AEFF9F5A2C}.Release|Any CPU.ActiveCfg = Release|Any CPU
		{67D24939-2B49-42B9-861E-01AEFF9F5A2C}.Release|Any CPU.Build.0 = Release|Any CPU
		{F211C9EE-6CA8-48F0-BEA1-2C753FAF74A0}.Debug|Any CPU.ActiveCfg = Debug|Any CPU
		{F211C9EE-6CA8-48F0-BEA1-2C753FAF74A0}.Debug|Any CPU.Build.0 = Debug|Any CPU
		{F211C9EE-6CA8-48F0-BEA1-2C753FAF74A0}.Release|Any CPU.ActiveCfg = Release|Any CPU
		{F211C9EE-6CA8-48F0-BEA1-2C753FAF74A0}.Release|Any CPU.Build.0 = Release|Any CPU
		{45C45F8B-40EF-47FF-AE49-940A38ED0684}.Debug|Any CPU.ActiveCfg = Debug|Any CPU
		{45C45F8B-40EF-47FF-AE49-940A38ED0684}.Debug|Any CPU.Build.0 = Debug|Any CPU
		{45C45F8B-40EF-47FF-AE49-940A38ED0684}.Release|Any CPU.ActiveCfg = Release|Any CPU
		{45C45F8B-40EF-47FF-AE49-940A38ED0684}.Release|Any CPU.Build.0 = Release|Any CPU
		{1068A12A-9652-44C7-8B98-581DD5E8515C}.Debug|Any CPU.ActiveCfg = Debug|Any CPU
		{1068A12A-9652-44C7-8B98-581DD5E8515C}.Debug|Any CPU.Build.0 = Debug|Any CPU
		{1068A12A-9652-44C7-8B98-581DD5E8515C}.Release|Any CPU.ActiveCfg = Release|Any CPU
		{1068A12A-9652-44C7-8B98-581DD5E8515C}.Release|Any CPU.Build.0 = Release|Any CPU
	EndGlobalSection
	GlobalSection(SolutionProperties) = preSolution
		HideSolutionNode = FALSE
	EndGlobalSection
	GlobalSection(ExtensibilityGlobals) = postSolution
		SolutionGuid = {BB3B6D58-B36C-4ADD-9420-7C4EDBF705EB}
	EndGlobalSection
EndGlobal
